
Microsoft Visual Studio Solution File, Format Version 11.00
# Visual Studio 2010
Project("{FAE04EC0-301F-11D3-BF4B-00C04F79EFBC}") = "Vague2Vivid1", "Vague2Vivid1\Vague2Vivid1.csproj", "{E6D554E8-4A11-42E6-B576-A7FA287E2D7F}"
EndProject
Project("{54435603-DBB4-11D2-8724-00A0C9A8B90C}") = "OCR using Radon Transform and PCA", "OCR using Radon Transform and PCA\OCR using Radon Transform and PCA.vdproj", "{1771EBF4-FD6A-40EF-BBE6-3EE301E2408E}"
EndProject
Global
	GlobalSection(SolutionConfigurationPlatforms) = preSolution
		Debug|x86 = Debug|x86
		Release|x86 = Release|x86
	EndGlobalSection
	GlobalSection(ProjectConfigurationPlatforms) = postSolution
		{E6D554E8-4A11-42E6-B576-A7FA287E2D7F}.Debug|x86.ActiveCfg = Debug|x86
		{E6D554E8-4A11-42E6-B576-A7FA287E2D7F}.Debug|x86.Build.0 = Debug|x86
		{E6D554E8-4A11-42E6-B576-A7FA287E2D7F}.Release|x86.ActiveCfg = Release|x86
		{E6D554E8-4A11-42E6-B576-A7FA287E2D7F}.Release|x86.Build.0 = Release|x86
		{1771EBF4-FD6A-40EF-BBE6-3EE301E2408E}.Debug|x86.ActiveCfg = Debug
		{1771EBF4-FD6A-40EF-BBE6-3EE301E2408E}.Release|x86.ActiveCfg = Release
	EndGlobalSection
	GlobalSection(SolutionProperties) = preSolution
		HideSolutionNode = FALSE
	EndGlobalSection
EndGlobal
